
Microsoft Visual Studio Solution File, Format Version 12.00
# Visual Studio Version 17
VisualStudioVersion = 17.13.35818.85 d17.13
MinimumVisualStudioVersion = 10.0.40219.1
Project("{8BC9CEB8-8B4A-11D0-8D11-00A0C91BC942}") = "Structured Programming Proyect", "Structured Programming Proyect\Structured Programming Proyect.vcxproj", "{7B9E7724-4571-423F-9EE3-77170158ABD3}"
EndProject
Global
	GlobalSection(SolutionConfigurationPlatforms) = preSolution
		Debug|x64 = Debug|x64
		Debug|x86 = Debug|x86
		Release|x64 = Release|x64
		Release|x86 = Release|x86
	EndGlobalSection
	GlobalSection(ProjectConfigurationPlatforms) = postSolution
		{7B9E7724-4571-423F-9EE3-77170158ABD3}.Debug|x64.ActiveCfg = Debug|x64
		{7B9E7724-4571-423F-9EE3-77170158ABD3}.Debug|x64.Build.0 = Debug|x64
		{7B9E7724-4571-423F-9EE3-77170158ABD3}.Debug|x86.ActiveCfg = Debug|Win32
		{7B9E7724-4571-423F-9EE3-77170158ABD3}.Debug|x86.Build.0 = Debug|Win32
		{7B9E7724-4571-423F-9EE3-77170158ABD3}.Release|x64.ActiveCfg = Release|x64
		{7B9E7724-4571-423F-9EE3-77170158ABD3}.Release|x64.Build.0 = Release|x64
		{7B9E7724-4571-423F-9EE3-77170158ABD3}.Release|x86.ActiveCfg = Release|Win32
		{7B9E7724-4571-423F-9EE3-77170158ABD3}.Release|x86.Build.0 = Release|Win32
	EndGlobalSection
	GlobalSection(SolutionProperties) = preSolution
		HideSolutionNode = FALSE
	EndGlobalSection
	GlobalSection(ExtensibilityGlobals) = postSolution
		SolutionGuid = {30F82482-215A-4964-94CF-A98C16EE54D7}
	EndGlobalSection
EndGlobal
